
Microsoft Visual Studio Solution File, Format Version 12.00
# Visual Studio Version 17
VisualStudioVersion = 17.3.32929.385
MinimumVisualStudioVersion = 10.0.40219.1
Project("{FAE04EC0-301F-11D3-BF4B-00C04F79EFBC}") = "A1RProduction", "A1RProduction\A1RProduction.csproj", "{BBBC06AD-6DE9-4B71-8B30-950D94EB671D}"
EndProject
Global
	GlobalSection(SolutionConfigurationPlatforms) = preSolution
		CD_ROM|Any CPU = CD_ROM|Any CPU
		Debug|Any CPU = Debug|Any CPU
		DVD-5|Any CPU = DVD-5|Any CPU
		Release|Any CPU = Release|Any CPU
		SingleImage|Any CPU = SingleImage|Any CPU
	EndGlobalSection
	GlobalSection(ProjectConfigurationPlatforms) = postSolution
		{BBBC06AD-6DE9-4B71-8B30-950D94EB671D}.CD_ROM|Any CPU.ActiveCfg = Release|Any CPU
		{BBBC06AD-6DE9-4B71-8B30-950D94EB671D}.CD_ROM|Any CPU.Build.0 = Release|Any CPU
		{BBBC06AD-6DE9-4B71-8B30-950D94EB671D}.Debug|Any CPU.ActiveCfg = Debug|Any CPU
		{BBBC06AD-6DE9-4B71-8B30-950D94EB671D}.Debug|Any CPU.Build.0 = Debug|Any CPU
		{BBBC06AD-6DE9-4B71-8B30-950D94EB671D}.DVD-5|Any CPU.ActiveCfg = Debug|Any CPU
		{BBBC06AD-6DE9-4B71-8B30-950D94EB671D}.DVD-5|Any CPU.Build.0 = Debug|Any CPU
		{BBBC06AD-6DE9-4B71-8B30-950D94EB671D}.Release|Any CPU.ActiveCfg = Release|Any CPU
		{BBBC06AD-6DE9-4B71-8B30-950D94EB671D}.Release|Any CPU.Build.0 = Release|Any CPU
		{BBBC06AD-6DE9-4B71-8B30-950D94EB671D}.SingleImage|Any CPU.ActiveCfg = Release|Any CPU
		{BBBC06AD-6DE9-4B71-8B30-950D94EB671D}.SingleImage|Any CPU.Build.0 = Release|Any CPU
	EndGlobalSection
	GlobalSection(SolutionProperties) = preSolution
		HideSolutionNode = FALSE
	EndGlobalSection
	GlobalSection(ExtensibilityGlobals) = postSolution
		SolutionGuid = {74A15B00-7DE3-437A-9EF0-FBE0881F57D6}
	EndGlobalSection
EndGlobal
